
Microsoft Visual Studio Solution File, Format Version 12.00
# Visual Studio 15
VisualStudioVersion = 15.0.28010.2048
MinimumVisualStudioVersion = 10.0.40219.1
Project("{FAE04EC0-301F-11D3-BF4B-00C04F79EFBC}") = "AngularFilePostCoreExample", "AngularFilePostCoreExample\AngularFilePostCoreExample.csproj", "{891F0040-11C0-46C6-9485-C510085C9F91}"
EndProject
Global
	GlobalSection(SolutionConfigurationPlatforms) = preSolution
		Debug|Any CPU = Debug|Any CPU
		Release|Any CPU = Release|Any CPU
	EndGlobalSection
	GlobalSection(ProjectConfigurationPlatforms) = postSolution
		{891F0040-11C0-46C6-9485-C510085C9F91}.Debug|Any CPU.ActiveCfg = Debug|Any CPU
		{891F0040-11C0-46C6-9485-C510085C9F91}.Debug|Any CPU.Build.0 = Debug|Any CPU
		{891F0040-11C0-46C6-9485-C510085C9F91}.Release|Any CPU.ActiveCfg = Release|Any CPU
		{891F0040-11C0-46C6-9485-C510085C9F91}.Release|Any CPU.Build.0 = Release|Any CPU
	EndGlobalSection
	GlobalSection(SolutionProperties) = preSolution
		HideSolutionNode = FALSE
	EndGlobalSection
	GlobalSection(ExtensibilityGlobals) = postSolution
		SolutionGuid = {7F46E2FC-E61F-4983-838A-2BEF5A2F65D0}
	EndGlobalSection
EndGlobal
